
Microsoft Visual Studio Solution File, Format Version 12.00
# Visual Studio 14
VisualStudioVersion = 14.0.25420.1
MinimumVisualStudioVersion = 10.0.40219.1
Project("{FAE04EC0-301F-11D3-BF4B-00C04F79EFBC}") = "DDR", "DDR\DDR\DDR.csproj", "{0BC37792-1D61-4DD6-8644-2F25F8045BCB}"
EndProject
Project("{FAE04EC0-301F-11D3-BF4B-00C04F79EFBC}") = "DDR.Droid", "DDR\DDR.Droid\DDR.Droid.csproj", "{1B06D36B-F84A-4519-A45A-2234EBEBF3AB}"
EndProject
Project("{FAE04EC0-301F-11D3-BF4B-00C04F79EFBC}") = "DDR.iOS", "DDR\DDR.iOS\DDR.iOS.csproj", "{BAE613B3-5E11-4900-8B71-BC9084FF1A5E}"
EndProject
Project("{FAE04EC0-301F-11D3-BF4B-00C04F79EFBC}") = "DDR.WinPhone", "DDR\DDR.WinPhone\DDR.WinPhone.csproj", "{E703662D-6847-40EE-9C7E-D2F842F99A1E}"
EndProject
Project("{FAE04EC0-301F-11D3-BF4B-00C04F79EFBC}") = "DDR.Windows", "DDR\DDR.Windows\DDR.Windows.csproj", "{E0F9F12C-38D4-426B-AE19-A1D10E8B3D7D}"
EndProject
Global
	GlobalSection(SolutionConfigurationPlatforms) = preSolution
		Ad-Hoc|Any CPU = Ad-Hoc|Any CPU
		Ad-Hoc|ARM = Ad-Hoc|ARM
		Ad-Hoc|iPhone = Ad-Hoc|iPhone
		Ad-Hoc|iPhoneSimulator = Ad-Hoc|iPhoneSimulator
		Ad-Hoc|x64 = Ad-Hoc|x64
		Ad-Hoc|x86 = Ad-Hoc|x86
		AppStore|Any CPU = AppStore|Any CPU
		AppStore|ARM = AppStore|ARM
		AppStore|iPhone = AppStore|iPhone
		AppStore|iPhoneSimulator = AppStore|iPhoneSimulator
		AppStore|x64 = AppStore|x64
		AppStore|x86 = AppStore|x86
		Debug|Any CPU = Debug|Any CPU
		Debug|ARM = Debug|ARM
		Debug|iPhone = Debug|iPhone
		Debug|iPhoneSimulator = Debug|iPhoneSimulator
		Debug|x64 = Debug|x64
		Debug|x86 = Debug|x86
		Release|Any CPU = Release|Any CPU
		Release|ARM = Release|ARM
		Release|iPhone = Release|iPhone
		Release|iPhoneSimulator = Release|iPhoneSimulator
		Release|x64 = Release|x64
		Release|x86 = Release|x86
	EndGlobalSection
	GlobalSection(ProjectConfigurationPlatforms) = postSolution
		{0BC37792-1D61-4DD6-8644-2F25F8045BCB}.Ad-Hoc|Any CPU.ActiveCfg = Release|Any CPU
		{0BC37792-1D61-4DD6-8644-2F25F8045BCB}.Ad-Hoc|Any CPU.Build.0 = Release|Any CPU
		{0BC37792-1D61-4DD6-8644-2F25F8045BCB}.Ad-Hoc|ARM.ActiveCfg = Release|Any CPU
		{0BC37792-1D61-4DD6-8644-2F25F8045BCB}.Ad-Hoc|ARM.Build.0 = Release|Any CPU
		{0BC37792-1D61-4DD6-8644-2F25F8045BCB}.Ad-Hoc|iPhone.ActiveCfg = Release|Any CPU
		{0BC37792-1D61-4DD6-8644-2F25F8045BCB}.Ad-Hoc|iPhone.Build.0 = Release|Any CPU
		{0BC37792-1D61-4DD6-8644-2F25F8045BCB}.Ad-Hoc|iPhoneSimulator.ActiveCfg = Release|Any CPU
		{0BC37792-1D61-4DD6-8644-2F25F8045BCB}.Ad-Hoc|iPhoneSimulator.Build.0 = Release|Any CPU
		{0BC37792-1D61-4DD6-8644-2F25F8045BCB}.Ad-Hoc|x64.ActiveCfg = Release|Any CPU
		{0BC37792-1D61-4DD6-8644-2F25F8045BCB}.Ad-Hoc|x64.Build.0 = Release|Any CPU
		{0BC37792-1D61-4DD6-8644-2F25F8045BCB}.Ad-Hoc|x86.ActiveCfg = Release|Any CPU
		{0BC37792-1D61-4DD6-8644-2F25F8045BCB}.Ad-Hoc|x86.Build.0 = Release|Any CPU
		{0BC37792-1D61-4DD6-8644-2F25F8045BCB}.AppStore|Any CPU.ActiveCfg = Release|Any CPU
		{0BC37792-1D61-4DD6-8644-2F25F8045BCB}.AppStore|Any CPU.Build.0 = Release|Any CPU
		{0BC37792-1D61-4DD6-8644-2F25F8045BCB}.AppStore|ARM.ActiveCfg = Release|Any CPU
		{0BC37792-1D61-4DD6-8644-2F25F8045BCB}.AppStore|ARM.Build.0 = Release|Any CPU
		{0BC37792-1D61-4DD6-8644-2F25F8045BCB}.AppStore|iPhone.ActiveCfg = Release|Any CPU
		{0BC37792-1D61-4DD6-8644-2F25F8045BCB}.AppStore|iPhone.Build.0 = Release|Any CPU
		{0BC37792-1D61-4DD6-8644-2F25F8045BCB}.AppStore|iPhoneSimulator.ActiveCfg = Release|Any CPU
		{0BC37792-1D61-4DD6-8644-2F25F8045BCB}.AppStore|iPhoneSimulator.Build.0 = Release|Any CPU
		{0BC37792-1D61-4DD6-8644-2F25F8045BCB}.AppStore|x64.ActiveCfg = Release|Any CPU
		{0BC37792-1D61-4DD6-8644-2F25F8045BCB}.AppStore|x64.Build.0 = Release|Any CPU
		{0BC37792-1D61-4DD6-8644-2F25F8045BCB}.AppStore|x86.ActiveCfg = Release|Any CPU
		{0BC37792-1D61-4DD6-8644-2F25F8045BCB}.AppStore|x86.Build.0 = Release|Any CPU
		{0BC37792-1D61-4DD6-8644-2F25F8045BCB}.Debug|Any CPU.ActiveCfg = Debug|Any CPU
		{0BC37792-1D61-4DD6-8644-2F25F8045BCB}.Debug|Any CPU.Build.0 = Debug|Any CPU
		{0BC37792-1D61-4DD6-8644-2F25F8045BCB}.Debug|ARM.ActiveCfg = Debug|Any CPU
		{0BC37792-1D61-4DD6-8644-2F25F8045BCB}.Debug|ARM.Build.0 = Debug|Any CPU
		{0BC37792-1D61-4DD6-8644-2F25F8045BCB}.Debug|iPhone.ActiveCfg = Debug|Any CPU
		{0BC37792-1D61-4DD6-8644-2F25F8045BCB}.Debug|iPhone.Build.0 = Debug|Any CPU
		{0BC37792-1D61-4DD6-8644-2F25F8045BCB}.Debug|iPhoneSimulator.ActiveCfg = Debug|Any CPU
		{0BC37792-1D61-4DD6-8644-2F25F8045BCB}.Debug|iPhoneSimulator.Build.0 = Debug|Any CPU
		{0BC37792-1D61-4DD6-8644-2F25F8045BCB}.Debug|x64.ActiveCfg = Debug|Any CPU
		{0BC37792-1D61-4DD6-8644-2F25F8045BCB}.Debug|x64.Build.0 = Debug|Any CPU
		{0BC37792-1D61-4DD6-8644-2F25F8045BCB}.Debug|x86.ActiveCfg = Debug|Any CPU
		{0BC37792-1D61-4DD6-8644-2F25F8045BCB}.Debug|x86.Build.0 = Debug|Any CPU
		{0BC37792-1D61-4DD6-8644-2F25F8045BCB}.Release|Any CPU.ActiveCfg = Release|Any CPU
		{0BC37792-1D61-4DD6-8644-2F25F8045BCB}.Release|Any CPU.Build.0 = Release|Any CPU
		{0BC37792-1D61-4DD6-8644-2F25F8045BCB}.Release|ARM.ActiveCfg = Release|Any CPU
		{0BC37792-1D61-4DD6-8644-2F25F8045BCB}.Release|ARM.Build.0 = Release|Any CPU
		{0BC37792-1D61-4DD6-8644-2F25F8045BCB}.Release|iPhone.ActiveCfg = Release|Any CPU
		{0BC37792-1D61-4DD6-8644-2F25F8045BCB}.Release|iPhone.Build.0 = Release|Any CPU
		{0BC37792-1D61-4DD6-8644-2F25F8045BCB}.Release|iPhoneSimulator.ActiveCfg = Release|Any CPU
		{0BC37792-1D61-4DD6-8644-2F25F8045BCB}.Release|iPhoneSimulator.Build.0 = Release|Any CPU
		{0BC37792-1D61-4DD6-8644-2F25F8045BCB}.Release|x64.ActiveCfg = Release|Any CPU
		{0BC37792-1D61-4DD6-8644-2F25F8045BCB}.Release|x64.Build.0 = Release|Any CPU
		{0BC37792-1D61-4DD6-8644-2F25F8045BCB}.Release|x86.ActiveCfg = Release|Any CPU
		{0BC37792-1D61-4DD6-8644-2F25F8045BCB}.Release|x86.Build.0 = Release|Any CPU
		{1B06D36B-F84A-4519-A45A-2234EBEBF3AB}.Ad-Hoc|Any CPU.ActiveCfg = Release|Any CPU
		{1B06D36B-F84A-4519-A45A-2234EBEBF3AB}.Ad-Hoc|Any CPU.Build.0 = Release|Any CPU
		{1B06D36B-F84A-4519-A45A-2234EBEBF3AB}.Ad-Hoc|Any CPU.Deploy.0 = Release|Any CPU
		{1B06D36B-F84A-4519-A45A-2234EBEBF3AB}.Ad-Hoc|ARM.ActiveCfg = Release|Any CPU
		{1B06D36B-F84A-4519-A45A-2234EBEBF3AB}.Ad-Hoc|ARM.Build.0 = Release|Any CPU
		{1B06D36B-F84A-4519-A45A-2234EBEBF3AB}.Ad-Hoc|ARM.Deploy.0 = Release|Any CPU
		{1B06D36B-F84A-4519-A45A-2234EBEBF3AB}.Ad-Hoc|iPhone.ActiveCfg = Release|Any CPU
		{1B06D36B-F84A-4519-A45A-2234EBEBF3AB}.Ad-Hoc|iPhone.Build.0 = Release|Any CPU
		{1B06D36B-F84A-4519-A45A-2234EBEBF3AB}.Ad-Hoc|iPhone.Deploy.0 = Release|Any CPU
		{1B06D36B-F84A-4519-A45A-2234EBEBF3AB}.Ad-Hoc|iPhoneSimulator.ActiveCfg = Release|Any CPU
		{1B06D36B-F84A-4519-A45A-2234EBEBF3AB}.Ad-Hoc|iPhoneSimulator.Build.0 = Release|Any CPU
		{1B06D36B-F84A-4519-A45A-2234EBEBF3AB}.Ad-Hoc|iPhoneSimulator.Deploy.0 = Release|Any CPU
		{1B06D36B-F84A-4519-A45A-2234EBEBF3AB}.Ad-Hoc|x64.ActiveCfg = Release|Any CPU
		{1B06D36B-F84A-4519-A45A-2234EBEBF3AB}.Ad-Hoc|x64.Build.0 = Release|Any CPU
		{1B06D36B-F84A-4519-A45A-2234EBEBF3AB}.Ad-Hoc|x64.Deploy.0 = Release|Any CPU
		{1B06D36B-F84A-4519-A45A-2234EBEBF3AB}.Ad-Hoc|x86.ActiveCfg = Release|Any CPU
		{1B06D36B-F84A-4519-A45A-2234EBEBF3AB}.Ad-Hoc|x86.Build.0 = Release|Any CPU
		{1B06D36B-F84A-4519-A45A-2234EBEBF3AB}.Ad-Hoc|x86.Deploy.0 = Release|Any CPU
		{1B06D36B-F84A-4519-A45A-2234EBEBF3AB}.AppStore|Any CPU.ActiveCfg = Release|Any CPU
		{1B06D36B-F84A-4519-A45A-2234EBEBF3AB}.AppStore|Any CPU.Build.0 = Release|Any CPU
		{1B06D36B-F84A-4519-A45A-2234EBEBF3AB}.AppStore|Any CPU.Deploy.0 = Release|Any CPU
		{1B06D36B-F84A-4519-A45A-2234EBEBF3AB}.AppStore|ARM.ActiveCfg = Release|Any CPU
		{1B06D36B-F84A-4519-A45A-2234EBEBF3AB}.AppStore|ARM.Build.0 = Release|Any CPU
		{1B06D36B-F84A-4519-A45A-2234EBEBF3AB}.AppStore|ARM.Deploy.0 = Release|Any CPU
		{1B06D36B-F84A-4519-A45A-2234EBEBF3AB}.AppStore|iPhone.ActiveCfg = Release|Any CPU
		{1B06D36B-F84A-4519-A45A-2234EBEBF3AB}.AppStore|iPhone.Build.0 = Release|Any CPU
		{1B06D36B-F84A-4519-A45A-2234EBEBF3AB}.AppStore|iPhone.Deploy.0 = Release|Any CPU
		{1B06D36B-F84A-4519-A45A-2234EBEBF3AB}.AppStore|iPhoneSimulator.ActiveCfg = Release|Any CPU
		{1B06D36B-F84A-4519-A45A-2234EBEBF3AB}.AppStore|iPhoneSimulator.Build.0 = Release|Any CPU
		{1B06D36B-F84A-4519-A45A-2234EBEBF3AB}.AppStore|iPhoneSimulator.Deploy.0 = Release|Any CPU
		{1B06D36B-F84A-4519-A45A-2234EBEBF3AB}.AppStore|x64.ActiveCfg = Release|Any CPU
		{1B06D36B-F84A-4519-A45A-2234EBEBF3AB}.AppStore|x64.Build.0 = Release|Any CPU
		{1B06D36B-F84A-4519-A45A-2234EBEBF3AB}.AppStore|x64.Deploy.0 = Release|Any CPU
		{1B06D36B-F84A-4519-A45A-2234EBEBF3AB}.AppStore|x86.ActiveCfg = Release|Any CPU
		{1B06D36B-F84A-4519-A45A-2234EBEBF3AB}.AppStore|x86.Build.0 = Release|Any CPU
		{1B06D36B-F84A-4519-A45A-2234EBEBF3AB}.AppStore|x86.Deploy.0 = Release|Any CPU
		{1B06D36B-F84A-4519-A45A-2234EBEBF3AB}.Debug|Any CPU.ActiveCfg = Debug|Any CPU
		{1B06D36B-F84A-4519-A45A-2234EBEBF3AB}.Debug|Any CPU.Build.0 = Debug|Any CPU
		{1B06D36B-F84A-4519-A45A-2234EBEBF3AB}.Debug|Any CPU.Deploy.0 = Debug|Any CPU
		{1B06D36B-F84A-4519-A45A-2234EBEBF3AB}.Debug|ARM.ActiveCfg = Debug|Any CPU
		{1B06D36B-F84A-4519-A45A-2234EBEBF3AB}.Debug|ARM.Build.0 = Debug|Any CPU
		{1B06D36B-F84A-4519-A45A-2234EBEBF3AB}.Debug|ARM.Deploy.0 = Debug|Any CPU
		{1B06D36B-F84A-4519-A45A-2234EBEBF3AB}.Debug|iPhone.ActiveCfg = Debug|Any CPU
		{1B06D36B-F84A-4519-A45A-2234EBEBF3AB}.Debug|iPhone.Build.0 = Debug|Any CPU
		{1B06D36B-F84A-4519-A45A-2234EBEBF3AB}.Debug|iPhone.Deploy.0 = Debug|Any CPU
		{1B06D36B-F84A-4519-A45A-2234EBEBF3AB}.Debug|iPhoneSimulator.ActiveCfg = Debug|Any CPU
		{1B06D36B-F84A-4519-A45A-2234EBEBF3AB}.Debug|iPhoneSimulator.Build.0 = Debug|Any CPU
		{1B06D36B-F84A-4519-A45A-2234EBEBF3AB}.Debug|iPhoneSimulator.Deploy.0 = Debug|Any CPU
		{1B06D36B-F84A-4519-A45A-2234EBEBF3AB}.Debug|x64.ActiveCfg = Debug|Any CPU
		{1B06D36B-F84A-4519-A45A-2234EBEBF3AB}.Debug|x64.Build.0 = Debug|Any CPU
		{1B06D36B-F84A-4519-A45A-2234EBEBF3AB}.Debug|x64.Deploy.0 = Debug|Any CPU
		{1B06D36B-F84A-4519-A45A-2234EBEBF3AB}.Debug|x86.ActiveCfg = Debug|Any CPU
		{1B06D36B-F84A-4519-A45A-2234EBEBF3AB}.Debug|x86.Build.0 = Debug|Any CPU
		{1B06D36B-F84A-4519-A45A-2234EBEBF3AB}.Debug|x86.Deploy.0 = Debug|Any CPU
		{1B06D36B-F84A-4519-A45A-2234EBEBF3AB}.Release|Any CPU.ActiveCfg = Release|Any CPU
		{1B06D36B-F84A-4519-A45A-2234EBEBF3AB}.Release|Any CPU.Build.0 = Release|Any CPU
		{1B06D36B-F84A-4519-A45A-2234EBEBF3AB}.Release|Any CPU.Deploy.0 = Release|Any CPU
		{1B06D36B-F84A-4519-A45A-2234EBEBF3AB}.Release|ARM.ActiveCfg = Release|Any CPU
		{1B06D36B-F84A-4519-A45A-2234EBEBF3AB}.Release|ARM.Build.0 = Release|Any CPU
		{1B06D36B-F84A-4519-A45A-2234EBEBF3AB}.Release|ARM.Deploy.0 = Release|Any CPU
		{1B06D36B-F84A-4519-A45A-2234EBEBF3AB}.Release|iPhone.ActiveCfg = Release|Any CPU
		{1B06D36B-F84A-4519-A45A-2234EBEBF3AB}.Release|iPhone.Build.0 = Release|Any CPU
		{1B06D36B-F84A-4519-A45A-2234EBEBF3AB}.Release|iPhone.Deploy.0 = Release|Any CPU
		{1B06D36B-F84A-4519-A45A-2234EBEBF3AB}.Release|iPhoneSimulator.ActiveCfg = Release|Any CPU
		{1B06D36B-F84A-4519-A45A-2234EBEBF3AB}.Release|iPhoneSimulator.Build.0 = Release|Any CPU
		{1B06D36B-F84A-4519-A45A-2234EBEBF3AB}.Release|iPhoneSimulator.Deploy.0 = Release|Any CPU
		{1B06D36B-F84A-4519-A45A-2234EBEBF3AB}.Release|x64.ActiveCfg = Release|Any CPU
		{1B06D36B-F84A-4519-A45A-2234EBEBF3AB}.Release|x64.Build.0 = Release|Any CPU
		{1B06D36B-F84A-4519-A45A-2234EBEBF3AB}.Release|x64.Deploy.0 = Release|Any CPU
		{1B06D36B-F84A-4519-A45A-2234EBEBF3AB}.Release|x86.ActiveCfg = Release|Any CPU
		{1B06D36B-F84A-4519-A45A-2234EBEBF3AB}.Release|x86.Build.0 = Release|Any CPU
		{1B06D36B-F84A-4519-A45A-2234EBEBF3AB}.Release|x86.Deploy.0 = Release|Any CPU
		{BAE613B3-5E11-4900-8B71-BC9084FF1A5E}.Ad-Hoc|Any CPU.ActiveCfg = Ad-Hoc|iPhone
		{BAE613B3-5E11-4900-8B71-BC9084FF1A5E}.Ad-Hoc|ARM.ActiveCfg = Ad-Hoc|iPhone
		{BAE613B3-5E11-4900-8B71-BC9084FF1A5E}.Ad-Hoc|iPhone.ActiveCfg = Ad-Hoc|iPhone
		{BAE613B3-5E11-4900-8B71-BC9084FF1A5E}.Ad-Hoc|iPhone.Build.0 = Ad-Hoc|iPhone
		{BAE613B3-5E11-4900-8B71-BC9084FF1A5E}.Ad-Hoc|iPhoneSimulator.ActiveCfg = Ad-Hoc|iPhoneSimulator
		{BAE613B3-5E11-4900-8B71-BC9084FF1A5E}.Ad-Hoc|iPhoneSimulator.Build.0 = Ad-Hoc|iPhoneSimulator
		{BAE613B3-5E11-4900-8B71-BC9084FF1A5E}.Ad-Hoc|x64.ActiveCfg = Ad-Hoc|iPhone
		{BAE613B3-5E11-4900-8B71-BC9084FF1A5E}.Ad-Hoc|x86.ActiveCfg = Ad-Hoc|iPhone
		{BAE613B3-5E11-4900-8B71-BC9084FF1A5E}.AppStore|Any CPU.ActiveCfg = AppStore|iPhone
		{BAE613B3-5E11-4900-8B71-BC9084FF1A5E}.AppStore|ARM.ActiveCfg = AppStore|iPhone
		{BAE613B3-5E11-4900-8B71-BC9084FF1A5E}.AppStore|iPhone.ActiveCfg = AppStore|iPhone
		{BAE613B3-5E11-4900-8B71-BC9084FF1A5E}.AppStore|iPhone.Build.0 = AppStore|iPhone
		{BAE613B3-5E11-4900-8B71-BC9084FF1A5E}.AppStore|iPhoneSimulator.ActiveCfg = AppStore|iPhoneSimulator
		{BAE613B3-5E11-4900-8B71-BC9084FF1A5E}.AppStore|iPhoneSimulator.Build.0 = AppStore|iPhoneSimulator
		{BAE613B3-5E11-4900-8B71-BC9084FF1A5E}.AppStore|x64.ActiveCfg = AppStore|iPhone
		{BAE613B3-5E11-4900-8B71-BC9084FF1A5E}.AppStore|x86.ActiveCfg = AppStore|iPhone
		{BAE613B3-5E11-4900-8B71-BC9084FF1A5E}.Debug|Any CPU.ActiveCfg = Debug|iPhone
		{BAE613B3-5E11-4900-8B71-BC9084FF1A5E}.Debug|ARM.ActiveCfg = Debug|iPhone
		{BAE613B3-5E11-4900-8B71-BC9084FF1A5E}.Debug|iPhone.ActiveCfg = Debug|iPhone
		{BAE613B3-5E11-4900-8B71-BC9084FF1A5E}.Debug|iPhone.Build.0 = Debug|iPhone
		{BAE613B3-5E11-4900-8B71-BC9084FF1A5E}.Debug|iPhoneSimulator.ActiveCfg = Debug|iPhoneSimulator
		{BAE613B3-5E11-4900-8B71-BC9084FF1A5E}.Debug|iPhoneSimulator.Build.0 = Debug|iPhoneSimulator
		{BAE613B3-5E11-4900-8B71-BC9084FF1A5E}.Debug|x64.ActiveCfg = Debug|iPhone
		{BAE613B3-5E11-4900-8B71-BC9084FF1A5E}.Debug|x86.ActiveCfg = Debug|iPhone
		{BAE613B3-5E11-4900-8B71-BC9084FF1A5E}.Release|Any CPU.ActiveCfg = Release|iPhone
		{BAE613B3-5E11-4900-8B71-BC9084FF1A5E}.Release|ARM.ActiveCfg = Release|iPhone
		{BAE613B3-5E11-4900-8B71-BC9084FF1A5E}.Release|iPhone.ActiveCfg = Release|iPhone
		{BAE613B3-5E11-4900-8B71-BC9084FF1A5E}.Release|iPhone.Build.0 = Release|iPhone
		{BAE613B3-5E11-4900-8B71-BC9084FF1A5E}.Release|iPhoneSimulator.ActiveCfg = Release|iPhoneSimulator
		{BAE613B3-5E11-4900-8B71-BC9084FF1A5E}.Release|iPhoneSimulator.Build.0 = Release|iPhoneSimulator
		{BAE613B3-5E11-4900-8B71-BC9084FF1A5E}.Release|x64.ActiveCfg = Release|iPhone
		{BAE613B3-5E11-4900-8B71-BC9084FF1A5E}.Release|x86.ActiveCfg = Release|iPhone
		{E703662D-6847-40EE-9C7E-D2F842F99A1E}.Ad-Hoc|Any CPU.ActiveCfg = Release|Any CPU
		{E703662D-6847-40EE-9C7E-D2F842F99A1E}.Ad-Hoc|Any CPU.Build.0 = Release|Any CPU
		{E703662D-6847-40EE-9C7E-D2F842F99A1E}.Ad-Hoc|Any CPU.Deploy.0 = Release|Any CPU
		{E703662D-6847-40EE-9C7E-D2F842F99A1E}.Ad-Hoc|ARM.ActiveCfg = Release|ARM
		{E703662D-6847-40EE-9C7E-D2F842F99A1E}.Ad-Hoc|ARM.Build.0 = Release|ARM
		{E703662D-6847-40EE-9C7E-D2F842F99A1E}.Ad-Hoc|ARM.Deploy.0 = Release|ARM
		{E703662D-6847-40EE-9C7E-D2F842F99A1E}.Ad-Hoc|iPhone.ActiveCfg = Release|Any CPU
		{E703662D-6847-40EE-9C7E-D2F842F99A1E}.Ad-Hoc|iPhone.Build.0 = Release|Any CPU
		{E703662D-6847-40EE-9C7E-D2F842F99A1E}.Ad-Hoc|iPhone.Deploy.0 = Release|Any CPU
		{E703662D-6847-40EE-9C7E-D2F842F99A1E}.Ad-Hoc|iPhoneSimulator.ActiveCfg = Release|Any CPU
		{E703662D-6847-40EE-9C7E-D2F842F99A1E}.Ad-Hoc|iPhoneSimulator.Build.0 = Release|Any CPU
		{E703662D-6847-40EE-9C7E-D2F842F99A1E}.Ad-Hoc|iPhoneSimulator.Deploy.0 = Release|Any CPU
		{E703662D-6847-40EE-9C7E-D2F842F99A1E}.Ad-Hoc|x64.ActiveCfg = Release|Any CPU
		{E703662D-6847-40EE-9C7E-D2F842F99A1E}.Ad-Hoc|x64.Build.0 = Release|Any CPU
		{E703662D-6847-40EE-9C7E-D2F842F99A1E}.Ad-Hoc|x64.Deploy.0 = Release|Any CPU
		{E703662D-6847-40EE-9C7E-D2F842F99A1E}.Ad-Hoc|x86.ActiveCfg = Release|x86
		{E703662D-6847-40EE-9C7E-D2F842F99A1E}.Ad-Hoc|x86.Build.0 = Release|x86
		{E703662D-6847-40EE-9C7E-D2F842F99A1E}.Ad-Hoc|x86.Deploy.0 = Release|x86
		{E703662D-6847-40EE-9C7E-D2F842F99A1E}.AppStore|Any CPU.ActiveCfg = Release|Any CPU
		{E703662D-6847-40EE-9C7E-D2F842F99A1E}.AppStore|Any CPU.Build.0 = Release|Any CPU
		{E703662D-6847-40EE-9C7E-D2F842F99A1E}.AppStore|Any CPU.Deploy.0 = Release|Any CPU
		{E703662D-6847-40EE-9C7E-D2F842F99A1E}.AppStore|ARM.ActiveCfg = Release|ARM
		{E703662D-6847-40EE-9C7E-D2F842F99A1E}.AppStore|ARM.Build.0 = Release|ARM
		{E703662D-6847-40EE-9C7E-D2F842F99A1E}.AppStore|ARM.Deploy.0 = Release|ARM
		{E703662D-6847-40EE-9C7E-D2F842F99A1E}.AppStore|iPhone.ActiveCfg = Release|Any CPU
		{E703662D-6847-40EE-9C7E-D2F842F99A1E}.AppStore|iPhone.Build.0 = Release|Any CPU
		{E703662D-6847-40EE-9C7E-D2F842F99A1E}.AppStore|iPhone.Deploy.0 = Release|Any CPU
		{E703662D-6847-40EE-9C7E-D2F842F99A1E}.AppStore|iPhoneSimulator.ActiveCfg = Release|Any CPU
		{E703662D-6847-40EE-9C7E-D2F842F99A1E}.AppStore|iPhoneSimulator.Build.0 = Release|Any CPU
		{E703662D-6847-40EE-9C7E-D2F842F99A1E}.AppStore|iPhoneSimulator.Deploy.0 = Release|Any CPU
		{E703662D-6847-40EE-9C7E-D2F842F99A1E}.AppStore|x64.ActiveCfg = Release|Any CPU
		{E703662D-6847-40EE-9C7E-D2F842F99A1E}.AppStore|x64.Build.0 = Release|Any CPU
		{E703662D-6847-40EE-9C7E-D2F842F99A1E}.AppStore|x64.Deploy.0 = Release|Any CPU
		{E703662D-6847-40EE-9C7E-D2F842F99A1E}.AppStore|x86.ActiveCfg = Release|x86
		{E703662D-6847-40EE-9C7E-D2F842F99A1E}.AppStore|x86.Build.0 = Release|x86
		{E703662D-6847-40EE-9C7E-D2F842F99A1E}.AppStore|x86.Deploy.0 = Release|x86
		{E703662D-6847-40EE-9C7E-D2F842F99A1E}.Debug|Any CPU.ActiveCfg = Debug|Any CPU
		{E703662D-6847-40EE-9C7E-D2F842F99A1E}.Debug|Any CPU.Build.0 = Debug|Any CPU
		{E703662D-6847-40EE-9C7E-D2F842F99A1E}.Debug|Any CPU.Deploy.0 = Debug|Any CPU
		{E703662D-6847-40EE-9C7E-D2F842F99A1E}.Debug|ARM.ActiveCfg = Debug|ARM
		{E703662D-6847-40EE-9C7E-D2F842F99A1E}.Debug|ARM.Build.0 = Debug|ARM
		{E703662D-6847-40EE-9C7E-D2F842F99A1E}.Debug|ARM.Deploy.0 = Debug|ARM
		{E703662D-6847-40EE-9C7E-D2F842F99A1E}.Debug|iPhone.ActiveCfg = Debug|Any CPU
		{E703662D-6847-40EE-9C7E-D2F842F99A1E}.Debug|iPhone.Build.0 = Debug|Any CPU
		{E703662D-6847-40EE-9C7E-D2F842F99A1E}.Debug|iPhone.Deploy.0 = Debug|Any CPU
		{E703662D-6847-40EE-9C7E-D2F842F99A1E}.Debug|iPhoneSimulator.ActiveCfg = Debug|Any CPU
		{E703662D-6847-40EE-9C7E-D2F842F99A1E}.Debug|iPhoneSimulator.Build.0 = Debug|Any CPU
		{E703662D-6847-40EE-9C7E-D2F842F99A1E}.Debug|iPhoneSimulator.Deploy.0 = Debug|Any CPU
		{E703662D-6847-40EE-9C7E-D2F842F99A1E}.Debug|x64.ActiveCfg = Debug|Any CPU
		{E703662D-6847-40EE-9C7E-D2F842F99A1E}.Debug|x64.Build.0 = Debug|Any CPU
		{E703662D-6847-40EE-9C7E-D2F842F99A1E}.Debug|x64.Deploy.0 = Debug|Any CPU
		{E703662D-6847-40EE-9C7E-D2F842F99A1E}.Debug|x86.ActiveCfg = Debug|x86
		{E703662D-6847-40EE-9C7E-D2F842F99A1E}.Debug|x86.Build.0 = Debug|x86
		{E703662D-6847-40EE-9C7E-D2F842F99A1E}.Debug|x86.Deploy.0 = Debug|x86
		{E703662D-6847-40EE-9C7E-D2F842F99A1E}.Release|Any CPU.ActiveCfg = Release|Any CPU
		{E703662D-6847-40EE-9C7E-D2F842F99A1E}.Release|Any CPU.Build.0 = Release|Any CPU
		{E703662D-6847-40EE-9C7E-D2F842F99A1E}.Release|Any CPU.Deploy.0 = Release|Any CPU
		{E703662D-6847-40EE-9C7E-D2F842F99A1E}.Release|ARM.ActiveCfg = Release|ARM
		{E703662D-6847-40EE-9C7E-D2F842F99A1E}.Release|ARM.Build.0 = Release|ARM
		{E703662D-6847-40EE-9C7E-D2F842F99A1E}.Release|ARM.Deploy.0 = Release|ARM
		{E703662D-6847-40EE-9C7E-D2F842F99A1E}.Release|iPhone.ActiveCfg = Release|Any CPU
		{E703662D-6847-40EE-9C7E-D2F842F99A1E}.Release|iPhone.Build.0 = Release|Any CPU
		{E703662D-6847-40EE-9C7E-D2F842F99A1E}.Release|iPhone.Deploy.0 = Release|Any CPU
		{E703662D-6847-40EE-9C7E-D2F842F99A1E}.Release|iPhoneSimulator.ActiveCfg = Release|Any CPU
		{E703662D-6847-40EE-9C7E-D2F842F99A1E}.Release|iPhoneSimulator.Build.0 = Release|Any CPU
		{E703662D-6847-40EE-9C7E-D2F842F99A1E}.Release|iPhoneSimulator.Deploy.0 = Release|Any CPU
		{E703662D-6847-40EE-9C7E-D2F842F99A1E}.Release|x64.ActiveCfg = Release|Any CPU
		{E703662D-6847-40EE-9C7E-D2F842F99A1E}.Release|x64.Build.0 = Release|Any CPU
		{E703662D-6847-40EE-9C7E-D2F842F99A1E}.Release|x64.Deploy.0 = Release|Any CPU
		{E703662D-6847-40EE-9C7E-D2F842F99A1E}.Release|x86.ActiveCfg = Release|x86
		{E703662D-6847-40EE-9C7E-D2F842F99A1E}.Release|x86.Build.0 = Release|x86
		{E703662D-6847-40EE-9C7E-D2F842F99A1E}.Release|x86.Deploy.0 = Release|x86
		{E0F9F12C-38D4-426B-AE19-A1D10E8B3D7D}.Ad-Hoc|Any CPU.ActiveCfg = Release|Any CPU
		{E0F9F12C-38D4-426B-AE19-A1D10E8B3D7D}.Ad-Hoc|Any CPU.Build.0 = Release|Any CPU
		{E0F9F12C-38D4-426B-AE19-A1D10E8B3D7D}.Ad-Hoc|Any CPU.Deploy.0 = Release|Any CPU
		{E0F9F12C-38D4-426B-AE19-A1D10E8B3D7D}.Ad-Hoc|ARM.ActiveCfg = Release|ARM
		{E0F9F12C-38D4-426B-AE19-A1D10E8B3D7D}.Ad-Hoc|ARM.Build.0 = Release|ARM
		{E0F9F12C-38D4-426B-AE19-A1D10E8B3D7D}.Ad-Hoc|ARM.Deploy.0 = Release|ARM
		{E0F9F12C-38D4-426B-AE19-A1D10E8B3D7D}.Ad-Hoc|iPhone.ActiveCfg = Release|Any CPU
		{E0F9F12C-38D4-426B-AE19-A1D10E8B3D7D}.Ad-Hoc|iPhone.Build.0 = Release|Any CPU
		{E0F9F12C-38D4-426B-AE19-A1D10E8B3D7D}.Ad-Hoc|iPhone.Deploy.0 = Release|Any CPU
		{E0F9F12C-38D4-426B-AE19-A1D10E8B3D7D}.Ad-Hoc|iPhoneSimulator.ActiveCfg = Release|Any CPU
		{E0F9F12C-38D4-426B-AE19-A1D10E8B3D7D}.Ad-Hoc|iPhoneSimulator.Build.0 = Release|Any CPU
		{E0F9F12C-38D4-426B-AE19-A1D10E8B3D7D}.Ad-Hoc|iPhoneSimulator.Deploy.0 = Release|Any CPU
		{E0F9F12C-38D4-426B-AE19-A1D10E8B3D7D}.Ad-Hoc|x64.ActiveCfg = Release|x64
		{E0F9F12C-38D4-426B-AE19-A1D10E8B3D7D}.Ad-Hoc|x64.Build.0 = Release|x64
		{E0F9F12C-38D4-426B-AE19-A1D10E8B3D7D}.Ad-Hoc|x64.Deploy.0 = Release|x64
		{E0F9F12C-38D4-426B-AE19-A1D10E8B3D7D}.Ad-Hoc|x86.ActiveCfg = Release|x86
		{E0F9F12C-38D4-426B-AE19-A1D10E8B3D7D}.Ad-Hoc|x86.Build.0 = Release|x86
		{E0F9F12C-38D4-426B-AE19-A1D10E8B3D7D}.Ad-Hoc|x86.Deploy.0 = Release|x86
		{E0F9F12C-38D4-426B-AE19-A1D10E8B3D7D}.AppStore|Any CPU.ActiveCfg = Release|Any CPU
		{E0F9F12C-38D4-426B-AE19-A1D10E8B3D7D}.AppStore|Any CPU.Build.0 = Release|Any CPU
		{E0F9F12C-38D4-426B-AE19-A1D10E8B3D7D}.AppStore|Any CPU.Deploy.0 = Release|Any CPU
		{E0F9F12C-38D4-426B-AE19-A1D10E8B3D7D}.AppStore|ARM.ActiveCfg = Release|ARM
		{E0F9F12C-38D4-426B-AE19-A1D10E8B3D7D}.AppStore|ARM.Build.0 = Release|ARM
		{E0F9F12C-38D4-426B-AE19-A1D10E8B3D7D}.AppStore|ARM.Deploy.0 = Release|ARM
		{E0F9F12C-38D4-426B-AE19-A1D10E8B3D7D}.AppStore|iPhone.ActiveCfg = Release|Any CPU
		{E0F9F12C-38D4-426B-AE19-A1D10E8B3D7D}.AppStore|iPhone.Build.0 = Release|Any CPU
		{E0F9F12C-38D4-426B-AE19-A1D10E8B3D7D}.AppStore|iPhone.Deploy.0 = Release|Any CPU
		{E0F9F12C-38D4-426B-AE19-A1D10E8B3D7D}.AppStore|iPhoneSimulator.ActiveCfg = Release|Any CPU
		{E0F9F12C-38D4-426B-AE19-A1D10E8B3D7D}.AppStore|iPhoneSimulator.Build.0 = Release|Any CPU
		{E0F9F12C-38D4-426B-AE19-A1D10E8B3D7D}.AppStore|iPhoneSimulator.Deploy.0 = Release|Any CPU
		{E0F9F12C-38D4-426B-AE19-A1D10E8B3D7D}.AppStore|x64.ActiveCfg = Release|x64
		{E0F9F12C-38D4-426B-AE19-A1D10E8B3D7D}.AppStore|x64.Build.0 = Release|x64
		{E0F9F12C-38D4-426B-AE19-A1D10E8B3D7D}.AppStore|x64.Deploy.0 = Release|x64
		{E0F9F12C-38D4-426B-AE19-A1D10E8B3D7D}.AppStore|x86.ActiveCfg = Release|x86
		{E0F9F12C-38D4-426B-AE19-A1D10E8B3D7D}.AppStore|x86.Build.0 = Release|x86
		{E0F9F12C-38D4-426B-AE19-A1D10E8B3D7D}.AppStore|x86.Deploy.0 = Release|x86
		{E0F9F12C-38D4-426B-AE19-A1D10E8B3D7D}.Debug|Any CPU.ActiveCfg = Debug|Any CPU
		{E0F9F12C-38D4-426B-AE19-A1D10E8B3D7D}.Debug|Any CPU.Build.0 = Debug|Any CPU
		{E0F9F12C-38D4-426B-AE19-A1D10E8B3D7D}.Debug|Any CPU.Deploy.0 = Debug|Any CPU
		{E0F9F12C-38D4-426B-AE19-A1D10E8B3D7D}.Debug|ARM.ActiveCfg = Debug|ARM
		{E0F9F12C-38D4-426B-AE19-A1D10E8B3D7D}.Debug|ARM.Build.0 = Debug|ARM
		{E0F9F12C-38D4-426B-AE19-A1D10E8B3D7D}.Debug|ARM.Deploy.0 = Debug|ARM
		{E0F9F12C-38D4-426B-AE19-A1D10E8B3D7D}.Debug|iPhone.ActiveCfg = Debug|Any CPU
		{E0F9F12C-38D4-426B-AE19-A1D10E8B3D7D}.Debug|iPhone.Build.0 = Debug|Any CPU
		{E0F9F12C-38D4-426B-AE19-A1D10E8B3D7D}.Debug|iPhone.Deploy.0 = Debug|Any CPU
		{E0F9F12C-38D4-426B-AE19-A1D10E8B3D7D}.Debug|iPhoneSimulator.ActiveCfg = Debug|Any CPU
		{E0F9F12C-38D4-426B-AE19-A1D10E8B3D7D}.Debug|iPhoneSimulator.Build.0 = Debug|Any CPU
		{E0F9F12C-38D4-426B-AE19-A1D10E8B3D7D}.Debug|iPhoneSimulator.Deploy.0 = Debug|Any CPU
		{E0F9F12C-38D4-426B-AE19-A1D10E8B3D7D}.Debug|x64.ActiveCfg = Debug|x64
		{E0F9F12C-38D4-426B-AE19-A1D10E8B3D7D}.Debug|x64.Build.0 = Debug|x64
		{E0F9F12C-38D4-426B-AE19-A1D10E8B3D7D}.Debug|x64.Deploy.0 = Debug|x64
		{E0F9F12C-38D4-426B-AE19-A1D10E8B3D7D}.Debug|x86.ActiveCfg = Debug|x86
		{E0F9F12C-38D4-426B-AE19-A1D10E8B3D7D}.Debug|x86.Build.0 = Debug|x86
		{E0F9F12C-38D4-426B-AE19-A1D10E8B3D7D}.Debug|x86.Deploy.0 = Debug|x86
		{E0F9F12C-38D4-426B-AE19-A1D10E8B3D7D}.Release|Any CPU.ActiveCfg = Release|Any CPU
		{E0F9F12C-38D4-426B-AE19-A1D10E8B3D7D}.Release|Any CPU.Build.0 = Release|Any CPU
		{E0F9F12C-38D4-426B-AE19-A1D10E8B3D7D}.Release|Any CPU.Deploy.0 = Release|Any CPU
		{E0F9F12C-38D4-426B-AE19-A1D10E8B3D7D}.Release|ARM.ActiveCfg = Release|ARM
		{E0F9F12C-38D4-426B-AE19-A1D10E8B3D7D}.Release|ARM.Build.0 = Release|ARM
		{E0F9F12C-38D4-426B-AE19-A1D10E8B3D7D}.Release|ARM.Deploy.0 = Release|ARM
		{E0F9F12C-38D4-426B-AE19-A1D10E8B3D7D}.Release|iPhone.ActiveCfg = Release|Any CPU
		{E0F9F12C-38D4-426B-AE19-A1D10E8B3D7D}.Release|iPhone.Build.0 = Release|Any CPU
		{E0F9F12C-38D4-426B-AE19-A1D10E8B3D7D}.Release|iPhone.Deploy.0 = Release|Any CPU
		{E0F9F12C-38D4-426B-AE19-A1D10E8B3D7D}.Release|iPhoneSimulator.ActiveCfg = Release|Any CPU
		{E0F9F12C-38D4-426B-AE19-A1D10E8B3D7D}.Release|iPhoneSimulator.Build.0 = Release|Any CPU
		{E0F9F12C-38D4-426B-AE19-A1D10E8B3D7D}.Release|iPhoneSimulator.Deploy.0 = Release|Any CPU
		{E0F9F12C-38D4-426B-AE19-A1D10E8B3D7D}.Release|x64.ActiveCfg = Release|x64
		{E0F9F12C-38D4-426B-AE19-A1D10E8B3D7D}.Release|x64.Build.0 = Release|x64
		{E0F9F12C-38D4-426B-AE19-A1D10E8B3D7D}.Release|x64.Deploy.0 = Release|x64
		{E0F9F12C-38D4-426B-AE19-A1D10E8B3D7D}.Release|x86.ActiveCfg = Release|x86
		{E0F9F12C-38D4-426B-AE19-A1D10E8B3D7D}.Release|x86.Build.0 = Release|x86
		{E0F9F12C-38D4-426B-AE19-A1D10E8B3D7D}.Release|x86.Deploy.0 = Release|x86
	EndGlobalSection
	GlobalSection(SolutionProperties) = preSolution
		HideSolutionNode = FALSE
	EndGlobalSection
EndGlobal
